// !$*UTF8*$!
{
	archiveVersion = 1;
	classes = {
	};
	objectVersion = 46;
	objects = {

/* Begin PBXBuildFile section */
		6C556FDA1DC16BE10070F15F /* AppDelegate.swift in Sources */ = {isa = PBXBuildFile; fileRef = 6C556FD91DC16BE10070F15F /* AppDelegate.swift */; };
		6C556FDC1DC16BE10070F15F /* OneVC.swift in Sources */ = {isa = PBXBuildFile; fileRef = 6C556FDB1DC16BE10070F15F /* OneVC.swift */; };
		6C556FDF1DC16BE10070F15F /* Main.storyboard in Resources */ = {isa = PBXBuildFile; fileRef = 6C556FDD1DC16BE10070F15F /* Main.storyboard */; };
		6C556FE21DC16BE10070F15F /* TinderTest.xcdatamodeld in Sources */ = {isa = PBXBuildFile; fileRef = 6C556FE01DC16BE10070F15F /* TinderTest.xcdatamodeld */; };
		6C556FE41DC16BE10070F15F /* Assets.xcassets in Resources */ = {isa = PBXBuildFile; fileRef = 6C556FE31DC16BE10070F15F /* Assets.xcassets */; };
		6C556FE71DC16BE10070F15F /* LaunchScreen.storyboard in Resources */ = {isa = PBXBuildFile; fileRef = 6C556FE51DC16BE10070F15F /* LaunchScreen.storyboard */; };
		6C556FF01DC16C9A0070F15F /* Global.swift in Sources */ = {isa = PBXBuildFile; fileRef = 6C556FEF1DC16C9A0070F15F /* Global.swift */; };
		6C556FF21DC16EEC0070F15F /* TwoVC.swift in Sources */ = {isa = PBXBuildFile; fileRef = 6C556FF11DC16EEC0070F15F /* TwoVC.swift */; };
		6C556FF41DC16EF40070F15F /* ThreeVC.swift in Sources */ = {isa = PBXBuildFile; fileRef = 6C556FF31DC16EF40070F15F /* ThreeVC.swift */; };
		821EBA121DC3B11000534215 /* MainNavigationController.swift in Sources */ = {isa = PBXBuildFile; fileRef = 821EBA111DC3B11000534215 /* MainNavigationController.swift */; };
		821EBA141DC3B64900534215 /* ViewController.swift in Sources */ = {isa = PBXBuildFile; fileRef = 821EBA131DC3B64900534215 /* ViewController.swift */; };
		8A9C1507262C9BA7E4555860 /* Pods_TinderTest.framework in Frameworks */ = {isa = PBXBuildFile; fileRef = FA99398D1EEDA9FDD95B6E03 /* Pods_TinderTest.framework */; };
/* End PBXBuildFile section */

/* Begin PBXFileReference section */
		1FDCEE46BC9BF81538F81AA0 /* Pods-TinderTest.debug.xcconfig */ = {isa = PBXFileReference; includeInIndex = 1; lastKnownFileType = text.xcconfig; name = "Pods-TinderTest.debug.xcconfig"; path = "Pods/Target Support Files/Pods-TinderTest/Pods-TinderTest.debug.xcconfig"; sourceTree = "<group>"; };
		6C556FD61DC16BE10070F15F /* TinderTest.app */ = {isa = PBXFileReference; explicitFileType = wrapper.application; includeInIndex = 0; path = TinderTest.app; sourceTree = BUILT_PRODUCTS_DIR; };
		6C556FD91DC16BE10070F15F /* AppDelegate.swift */ = {isa = PBXFileReference; lastKnownFileType = sourcecode.swift; path = AppDelegate.swift; sourceTree = "<group>"; };
		6C556FDB1DC16BE10070F15F /* OneVC.swift */ = {isa = PBXFileReference; lastKnownFileType = sourcecode.swift; path = OneVC.swift; sourceTree = "<group>"; };
		6C556FDE1DC16BE10070F15F /* Base */ = {isa = PBXFileReference; lastKnownFileType = file.storyboard; name = Base; path = Base.lproj/Main.storyboard; sourceTree = "<group>"; };
		6C556FE11DC16BE10070F15F /* TinderTest.xcdatamodel */ = {isa = PBXFileReference; lastKnownFileType = wrapper.xcdatamodel; path = TinderTest.xcdatamodel; sourceTree = "<group>"; };
		6C556FE31DC16BE10070F15F /* Assets.xcassets */ = {isa = PBXFileReference; lastKnownFileType = folder.assetcatalog; path = Assets.xcassets; sourceTree = "<group>"; };
		6C556FE61DC16BE10070F15F /* Base */ = {isa = PBXFileReference; lastKnownFileType = file.storyboard; name = Base; path = Base.lproj/LaunchScreen.storyboard; sourceTree = "<group>"; };
		6C556FE81DC16BE10070F15F /* Info.plist */ = {isa = PBXFileReference; lastKnownFileType = text.plist.xml; path = Info.plist; sourceTree = "<group>"; };
		6C556FEF1DC16C9A0070F15F /* Global.swift */ = {isa = PBXFileReference; fileEncoding = 4; lastKnownFileType = sourcecode.swift; path = Global.swift; sourceTree = "<group>"; };
		6C556FF11DC16EEC0070F15F /* TwoVC.swift */ = {isa = PBXFileReference; fileEncoding = 4; lastKnownFileType = sourcecode.swift; path = TwoVC.swift; sourceTree = "<group>"; };
		6C556FF31DC16EF40070F15F /* ThreeVC.swift */ = {isa = PBXFileReference; fileEncoding = 4; lastKnownFileType = sourcecode.swift; path = ThreeVC.swift; sourceTree = "<group>"; };
		821EBA111DC3B11000534215 /* MainNavigationController.swift */ = {isa = PBXFileReference; fileEncoding = 4; lastKnownFileType = sourcecode.swift; path = MainNavigationController.swift; sourceTree = "<group>"; };
		821EBA131DC3B64900534215 /* ViewController.swift */ = {isa = PBXFileReference; fileEncoding = 4; lastKnownFileType = sourcecode.swift; path = ViewController.swift; sourceTree = "<group>"; };
		94D1CEC0A6A93582B5C363A4 /* Pods-TinderTest.release.xcconfig */ = {isa = PBXFileReference; includeInIndex = 1; lastKnownFileType = text.xcconfig; name = "Pods-TinderTest.release.xcconfig"; path = "Pods/Target Support Files/Pods-TinderTest/Pods-TinderTest.release.xcconfig"; sourceTree = "<group>"; };
		FA99398D1EEDA9FDD95B6E03 /* Pods_TinderTest.framework */ = {isa = PBXFileReference; explicitFileType = wrapper.framework; includeInIndex = 0; path = Pods_TinderTest.framework; sourceTree = BUILT_PRODUCTS_DIR; };
/* End PBXFileReference section */

/* Begin PBXFrameworksBuildPhase section */
		6C556FD31DC16BE10070F15F /* Frameworks */ = {
			isa = PBXFrameworksBuildPhase;
			buildActionMask = 2147483647;
			files = (
				8A9C1507262C9BA7E4555860 /* Pods_TinderTest.framework in Frameworks */,
			);
			runOnlyForDeploymentPostprocessing = 0;
		};
/* End PBXFrameworksBuildPhase section */

/* Begin PBXGroup section */
		30C2CE113817FCDDACC29291 /* Frameworks */ = {
			isa = PBXGroup;
			children = (
				FA99398D1EEDA9FDD95B6E03 /* Pods_TinderTest.framework */,
			);
			name = Frameworks;
			sourceTree = "<group>";
		};
		6C556FCD1DC16BE10070F15F = {
			isa = PBXGroup;
			children = (
				6C556FD81DC16BE10070F15F /* TinderTest */,
				6C556FD71DC16BE10070F15F /* Products */,
				F7B3E6BB50446A7B9F33FE67 /* Pods */,
				30C2CE113817FCDDACC29291 /* Frameworks */,
			);
			sourceTree = "<group>";
		};
		6C556FD71DC16BE10070F15F /* Products */ = {
			isa = PBXGroup;
			children = (
				6C556FD61DC16BE10070F15F /* TinderTest.app */,
			);
			name = Products;
			sourceTree = "<group>";
		};
		6C556FD81DC16BE10070F15F /* TinderTest */ = {
			isa = PBXGroup;
			children = (
				6C556FEF1DC16C9A0070F15F /* Global.swift */,
				6C556FD91DC16BE10070F15F /* AppDelegate.swift */,
				6C556FF51DC16EFD0070F15F /* ViewControllers */,
				6C556FEE1DC16C680070F15F /* Supporting Files */,
			);
			path = TinderTest;
			sourceTree = "<group>";
		};
		6C556FEE1DC16C680070F15F /* Supporting Files */ = {
			isa = PBXGroup;
			children = (
				6C556FDD1DC16BE10070F15F /* Main.storyboard */,
				6C556FE31DC16BE10070F15F /* Assets.xcassets */,
				6C556FE51DC16BE10070F15F /* LaunchScreen.storyboard */,
				6C556FE81DC16BE10070F15F /* Info.plist */,
				6C556FE01DC16BE10070F15F /* TinderTest.xcdatamodeld */,
			);
			name = "Supporting Files";
			sourceTree = "<group>";
		};
		6C556FF51DC16EFD0070F15F /* ViewControllers */ = {
			isa = PBXGroup;
			children = (
				6C556FDB1DC16BE10070F15F /* OneVC.swift */,
				6C556FF11DC16EEC0070F15F /* TwoVC.swift */,
				6C556FF31DC16EF40070F15F /* ThreeVC.swift */,
				821EBA111DC3B11000534215 /* MainNavigationController.swift */,
				821EBA131DC3B64900534215 /* ViewController.swift */,
			);
			name = ViewControllers;
			sourceTree = "<group>";
		};
		F7B3E6BB50446A7B9F33FE67 /* Pods */ = {
			isa = PBXGroup;
			children = (
				1FDCEE46BC9BF81538F81AA0 /* Pods-TinderTest.debug.xcconfig */,
				94D1CEC0A6A93582B5C363A4 /* Pods-TinderTest.release.xcconfig */,
			);
			name = Pods;
			sourceTree = "<group>";
		};
/* End PBXGroup section */

/* Begin PBXNativeTarget section */
		6C556FD51DC16BE10070F15F /* TinderTest */ = {
			isa = PBXNativeTarget;
			buildConfigurationList = 6C556FEB1DC16BE10070F15F /* Build configuration list for PBXNativeTarget "TinderTest" */;
			buildPhases = (
				AC05820D178AB030CA97C679 /* [CP] Check Pods Manifest.lock */,
				6C556FD21DC16BE10070F15F /* Sources */,
				6C556FD31DC16BE10070F15F /* Frameworks */,
				6C556FD41DC16BE10070F15F /* Resources */,
				71EDB97D3459807E6C27F705 /* [CP] Embed Pods Frameworks */,
				67A8A8AB933881E5EC89CDEB /* [CP] Copy Pods Resources */,
			);
			buildRules = (
			);
			dependencies = (
			);
			name = TinderTest;
			productName = TinderTest;
			productReference = 6C556FD61DC16BE10070F15F /* TinderTest.app */;
			productType = "com.apple.product-type.application";
		};
/* End PBXNativeTarget section */

/* Begin PBXProject section */
		6C556FCE1DC16BE10070F15F /* Project object */ = {
			isa = PBXProject;
			attributes = {
				LastSwiftUpdateCheck = 0800;
				LastUpgradeCheck = 0800;
				ORGANIZATIONNAME = "David Seek";
				TargetAttributes = {
					6C556FD51DC16BE10070F15F = {
						CreatedOnToolsVersion = 8.0;
						DevelopmentTeam = 69XUZ6HBUE;
						ProvisioningStyle = Automatic;
					};
				};
			};
			buildConfigurationList = 6C556FD11DC16BE10070F15F /* Build configuration list for PBXProject "TinderTest" */;
			compatibilityVersion = "Xcode 3.2";
			developmentRegion = English;
			hasScannedForEncodings = 0;
			knownRegions = (
				en,
				Base,
			);
			mainGroup = 6C556FCD1DC16BE10070F15F;
			productRefGroup = 6C556FD71DC16BE10070F15F /* Products */;
			projectDirPath = "";
			projectRoot = "";
			targets = (
				6C556FD51DC16BE10070F15F /* TinderTest */,
			);
		};
/* End PBXProject section */

/* Begin PBXResourcesBuildPhase section */
		6C556FD41DC16BE10070F15F /* Resources */ = {
			isa = PBXResourcesBuildPhase;
			buildActionMask = 2147483647;
			files = (
				6C556FE71DC16BE10070F15F /* LaunchScreen.storyboard in Resources */,
				6C556FE41DC16BE10070F15F /* Assets.xcassets in Resources */,
				6C556FDF1DC16BE10070F15F /* Main.storyboard in Resources */,
			);
			runOnlyForDeploymentPostprocessing = 0;
		};
/* End PBXResourcesBuildPhase section */

/* Begin PBXShellScriptBuildPhase section */
		67A8A8AB933881E5EC89CDEB /* [CP] Copy Pods Resources */ = {
			isa = PBXShellScriptBuildPhase;
			buildActionMask = 2147483647;
			files = (
			);
			inputPaths = (
			);
			name = "[CP] Copy Pods Resources";
			outputPaths = (
			);
			runOnlyForDeploymentPostprocessing = 0;
			shellPath = /bin/sh;
			shellScript = "\"${SRCROOT}/Pods/Target Support Files/Pods-TinderTest/Pods-TinderTest-resources.sh\"\n";
			showEnvVarsInLog = 0;
		};
		71EDB97D3459807E6C27F705 /* [CP] Embed Pods Frameworks */ = {
			isa = PBXShellScriptBuildPhase;
			buildActionMask = 2147483647;
			files = (
			);
			inputPaths = (
			);
			name = "[CP] Embed Pods Frameworks";
			outputPaths = (
			);
			runOnlyForDeploymentPostprocessing = 0;
			shellPath = /bin/sh;
			shellScript = "\"${SRCROOT}/Pods/Target Support Files/Pods-TinderTest/Pods-TinderTest-frameworks.sh\"\n";
			showEnvVarsInLog = 0;
		};
		AC05820D178AB030CA97C679 /* [CP] Check Pods Manifest.lock */ = {
			isa = PBXShellScriptBuildPhase;
			buildActionMask = 2147483647;
			files = (
			);
			inputPaths = (
			);
			name = "[CP] Check Pods Manifest.lock";
			outputPaths = (
			);
			runOnlyForDeploymentPostprocessing = 0;
			shellPath = /bin/sh;
			shellScript = "diff \"${PODS_ROOT}/../Podfile.lock\" \"${PODS_ROOT}/Manifest.lock\" > /dev/null\nif [ $? != 0 ] ; then\n    # print error to STDERR\n    echo \"error: The sandbox is not in sync with the Podfile.lock. Run 'pod install' or update your CocoaPods installation.\" >&2\n    exit 1\nfi\n";
			showEnvVarsInLog = 0;
		};
/* End PBXShellScriptBuildPhase section */

/* Begin PBXSourcesBuildPhase section */
		6C556FD21DC16BE10070F15F /* Sources */ = {
			isa = PBXSourcesBuildPhase;
			buildActionMask = 2147483647;
			files = (
				6C556FF01DC16C9A0070F15F /* Global.swift in Sources */,
				6C556FF41DC16EF40070F15F /* ThreeVC.swift in Sources */,
				6C556FE21DC16BE10070F15F /* TinderTest.xcdatamodeld in Sources */,
				6C556FDC1DC16BE10070F15F /* OneVC.swift in Sources */,
				821EBA121DC3B11000534215 /* MainNavigationController.swift in Sources */,
				6C556FDA1DC16BE10070F15F /* AppDelegate.swift in Sources */,
				821EBA141DC3B64900534215 /* ViewController.swift in Sources */,
				6C556FF21DC16EEC0070F15F /* TwoVC.swift in Sources */,
			);
			runOnlyForDeploymentPostprocessing = 0;
		};
/* End PBXSourcesBuildPhase section */

/* Begin PBXVariantGroup section */
		6C556FDD1DC16BE10070F15F /* Main.storyboard */ = {
			isa = PBXVariantGroup;
			children = (
				6C556FDE1DC16BE10070F15F /* Base */,
			);
			name = Main.storyboard;
			sourceTree = "<group>";
		};
		6C556FE51DC16BE10070F15F /* LaunchScreen.storyboard */ = {
			isa = PBXVariantGroup;
			children = (
				6C556FE61DC16BE10070F15F /* Base */,
			);
			name = LaunchScreen.storyboard;
			sourceTree = "<group>";
		};
/* End PBXVariantGroup section */

/* Begin XCBuildConfiguration section */
		6C556FE91DC16BE10070F15F /* Debug */ = {
			isa = XCBuildConfiguration;
			buildSettings = {
				ALWAYS_SEARCH_USER_PATHS = NO;
				CLANG_ANALYZER_NONNULL = YES;
				CLANG_CXX_LANGUAGE_STANDARD = "gnu++0x";
				CLANG_CXX_LIBRARY = "libc++";
				CLANG_ENABLE_MODULES = YES;
				CLANG_ENABLE_OBJC_ARC = YES;
				CLANG_WARN_BOOL_CONVERSION = YES;
				CLANG_WARN_CONSTANT_CONVERSION = YES;
				CLANG_WARN_DIRECT_OBJC_ISA_USAGE = YES_ERROR;
				CLANG_WARN_DOCUMENTATION_COMMENTS = YES;
				CLANG_WARN_EMPTY_BODY = YES;
				CLANG_WARN_ENUM_CONVERSION = YES;
				CLANG_WARN_INFINITE_RECURSION = YES;
				CLANG_WARN_INT_CONVERSION = YES;
				CLANG_WARN_OBJC_ROOT_CLASS = YES_ERROR;
				CLANG_WARN_SUSPICIOUS_MOVES = YES;
				CLANG_WARN_UNREACHABLE_CODE = YES;
				CLANG_WARN__DUPLICATE_METHOD_MATCH = YES;
				"CODE_SIGN_IDENTITY[sdk=iphoneos*]" = "iPhone Developer";
				COPY_PHASE_STRIP = NO;
				DEBUG_INFORMATION_FORMAT = dwarf;
				ENABLE_STRICT_OBJC_MSGSEND = YES;
				ENABLE_TESTABILITY = YES;
				GCC_C_LANGUAGE_STANDARD = gnu99;
				GCC_DYNAMIC_NO_PIC = NO;
				GCC_NO_COMMON_BLOCKS = YES;
				GCC_OPTIMIZATION_LEVEL = 0;
				GCC_PREPROCESSOR_DEFINITIONS = (
					"DEBUG=1",
					"$(inherited)",
				);
				GCC_WARN_64_TO_32_BIT_CONVERSION = YES;
				GCC_WARN_ABOUT_RETURN_TYPE = YES_ERROR;
				GCC_WARN_UNDECLARED_SELECTOR = YES;
				GCC_WARN_UNINITIALIZED_AUTOS = YES_AGGRESSIVE;
				GCC_WARN_UNUSED_FUNCTION = YES;
				GCC_WARN_UNUSED_VARIABLE = YES;
				IPHONEOS_DEPLOYMENT_TARGET = 10.0;
				MTL_ENABLE_DEBUG_INFO = YES;
				ONLY_ACTIVE_ARCH = YES;
				SDKROOT = iphoneos;
				SWIFT_ACTIVE_COMPILATION_CONDITIONS = DEBUG;
				SWIFT_OPTIMIZATION_LEVEL = "-Onone";
				TARGETED_DEVICE_FAMILY = "1,2";
			};
			name = Debug;
		};
		6C556FEA1DC16BE10070F15F /* Release */ = {
			isa = XCBuildConfiguration;
			buildSettings = {
				ALWAYS_SEARCH_USER_PATHS = NO;
				CLANG_ANALYZER_NONNULL = YES;
				CLANG_CXX_LANGUAGE_STANDARD = "gnu++0x";
				CLANG_CXX_LIBRARY = "libc++";
				CLANG_ENABLE_MODULES = YES;
				CLANG_ENABLE_OBJC_ARC = YES;
				CLANG_WARN_BOOL_CONVERSION = YES;
				CLANG_WARN_CONSTANT_CONVERSION = YES;
				CLANG_WARN_DIRECT_OBJC_ISA_USAGE = YES_ERROR;
				CLANG_WARN_DOCUMENTATION_COMMENTS = YES;
				CLANG_WARN_EMPTY_BODY = YES;
				CLANG_WARN_ENUM_CONVERSION = YES;
				CLANG_WARN_INFINITE_RECURSION = YES;
				CLANG_WARN_INT_CONVERSION = YES;
				CLANG_WARN_OBJC_ROOT_CLASS = YES_ERROR;
				CLANG_WARN_SUSPICIOUS_MOVES = YES;
				CLANG_WARN_UNREACHABLE_CODE = YES;
				CLANG_WARN__DUPLICATE_METHOD_MATCH = YES;
				"CODE_SIGN_IDENTITY[sdk=iphoneos*]" = "iPhone Developer";
				COPY_PHASE_STRIP = NO;
				DEBUG_INFORMATION_FORMAT = "dwarf-with-dsym";
				ENABLE_NS_ASSERTIONS = NO;
				ENABLE_STRICT_OBJC_MSGSEND = YES;
				GCC_C_LANGUAGE_STANDARD = gnu99;
				GCC_NO_COMMON_BLOCKS = YES;
				GCC_WARN_64_TO_32_BIT_CONVERSION = YES;
				GCC_WARN_ABOUT_RETURN_TYPE = YES_ERROR;
				GCC_WARN_UNDECLARED_SELECTOR = YES;
				GCC_WARN_UNINITIALIZED_AUTOS = YES_AGGRESSIVE;
				GCC_WARN_UNUSED_FUNCTION = YES;
				GCC_WARN_UNUSED_VARIABLE = YES;
				IPHONEOS_DEPLOYMENT_TARGET = 10.0;
				MTL_ENABLE_DEBUG_INFO = NO;
				SDKROOT = iphoneos;
				SWIFT_OPTIMIZATION_LEVEL = "-Owholemodule";
				TARGETED_DEVICE_FAMILY = "1,2";
				VALIDATE_PRODUCT = YES;
			};
			name = Release;
		};
		6C556FEC1DC16BE10070F15F /* Debug */ = {
			isa = XCBuildConfiguration;
			baseConfigurationReference = 1FDCEE46BC9BF81538F81AA0 /* Pods-TinderTest.debug.xcconfig */;
			buildSettings = {
				ASSETCATALOG_COMPILER_APPICON_NAME = AppIcon;
				DEVELOPMENT_TEAM = 69XUZ6HBUE;
				INFOPLIST_FILE = TinderTest/Info.plist;
				LD_RUNPATH_SEARCH_PATHS = "$(inherited) @executable_path/Frameworks";
				PRODUCT_BUNDLE_IDENTIFIER = com.davidseek.TinderTest;
				PRODUCT_NAME = "$(TARGET_NAME)";
				SWIFT_VERSION = 3.0;
			};
			name = Debug;
		};
		6C556FED1DC16BE10070F15F /* Release */ = {
			isa = XCBuildConfiguration;
			baseConfigurationReference = 94D1CEC0A6A93582B5C363A4 /* Pods-TinderTest.release.xcconfig */;
			buildSettings = {
				ASSETCATALOG_COMPILER_APPICON_NAME = AppIcon;
				DEVELOPMENT_TEAM = 69XUZ6HBUE;
				INFOPLIST_FILE = TinderTest/Info.plist;
				LD_RUNPATH_SEARCH_PATHS = "$(inherited) @executable_path/Frameworks";
				PRODUCT_BUNDLE_IDENTIFIER = com.davidseek.TinderTest;
				PRODUCT_NAME = "$(TARGET_NAME)";
				SWIFT_VERSION = 3.0;
			};
			name = Release;
		};
/* End XCBuildConfiguration section */

/* Begin XCConfigurationList section */
		6C556FD11DC16BE10070F15F /* Build configuration list for PBXProject "TinderTest" */ = {
			isa = XCConfigurationList;
			buildConfigurations = (
				6C556FE91DC16BE10070F15F /* Debug */,
				6C556FEA1DC16BE10070F15F /* Release */,
			);
			defaultConfigurationIsVisible = 0;
			defaultConfigurationName = Release;
		};
		6C556FEB1DC16BE10070F15F /* Build configuration list for PBXNativeTarget "TinderTest" */ = {
			isa = XCConfigurationList;
			buildConfigurations = (
				6C556FEC1DC16BE10070F15F /* Debug */,
				6C556FED1DC16BE10070F15F /* Release */,
			);
			defaultConfigurationIsVisible = 0;
			defaultConfigurationName = Release;
		};
/* End XCConfigurationList section */

/* Begin XCVersionGroup section */
		6C556FE01DC16BE10070F15F /* TinderTest.xcdatamodeld */ = {
			isa = XCVersionGroup;
			children = (
				6C556FE11DC16BE10070F15F /* TinderTest.xcdatamodel */,
			);
			currentVersion = 6C556FE11DC16BE10070F15F /* TinderTest.xcdatamodel */;
			path = TinderTest.xcdatamodeld;
			sourceTree = "<group>";
			versionGroupType = wrapper.xcdatamodel;
		};
/* End XCVersionGroup section */
	};
	rootObject = 6C556FCE1DC16BE10070F15F /* Project object */;
}
